
Microsoft Visual Studio Solution File, Format Version 12.00
# Visual Studio Version 17
VisualStudioVersion = 17.4.33205.214
MinimumVisualStudioVersion = 10.0.40219.1
Project("{9A19103F-16F7-4668-BE54-9A1E7A4F7556}") = "Memorization", "Memoization\Memorization.csproj", "{A65BA3E1-A7A0-4705-9558-27543E218C00}"
EndProject
Project("{FAE04EC0-301F-11D3-BF4B-00C04F79EFBC}") = "Extensions", "Extensions\Extensions.csproj", "{D3EA45E2-FCB6-4BAD-AB47-44B16A7C969D}"
EndProject
Global
	GlobalSection(SolutionConfigurationPlatforms) = preSolution
		Debug|Any CPU = Debug|Any CPU
		Release|Any CPU = Release|Any CPU
	EndGlobalSection
	GlobalSection(ProjectConfigurationPlatforms) = postSolution
		{A65BA3E1-A7A0-4705-9558-27543E218C00}.Debug|Any CPU.ActiveCfg = Debug|Any CPU
		{A65BA3E1-A7A0-4705-9558-27543E218C00}.Debug|Any CPU.Build.0 = Debug|Any CPU
		{A65BA3E1-A7A0-4705-9558-27543E218C00}.Release|Any CPU.ActiveCfg = Release|Any CPU
		{A65BA3E1-A7A0-4705-9558-27543E218C00}.Release|Any CPU.Build.0 = Release|Any CPU
		{D3EA45E2-FCB6-4BAD-AB47-44B16A7C969D}.Debug|Any CPU.ActiveCfg = Debug|Any CPU
		{D3EA45E2-FCB6-4BAD-AB47-44B16A7C969D}.Debug|Any CPU.Build.0 = Debug|Any CPU
		{D3EA45E2-FCB6-4BAD-AB47-44B16A7C969D}.Release|Any CPU.ActiveCfg = Release|Any CPU
		{D3EA45E2-FCB6-4BAD-AB47-44B16A7C969D}.Release|Any CPU.Build.0 = Release|Any CPU
	EndGlobalSection
	GlobalSection(SolutionProperties) = preSolution
		HideSolutionNode = FALSE
	EndGlobalSection
	GlobalSection(ExtensibilityGlobals) = postSolution
		SolutionGuid = {CD3F70C1-189C-416E-8910-4C69C72811BD}
	EndGlobalSection
EndGlobal
